
Microsoft Visual Studio Solution File, Format Version 12.00
# Visual Studio Version 17
VisualStudioVersion = 17.9.34728.123
MinimumVisualStudioVersion = 10.0.40219.1
Project("{FAE04EC0-301F-11D3-BF4B-00C04F79EFBC}") = "lab 1 LINQ", "lab 1 LINQ.csproj", "{F6811B78-088C-4215-8BDB-5F5ADBC653E1}"
EndProject
Global
	GlobalSection(SolutionConfigurationPlatforms) = preSolution
		Debug|Any CPU = Debug|Any CPU
		Release|Any CPU = Release|Any CPU
	EndGlobalSection
	GlobalSection(ProjectConfigurationPlatforms) = postSolution
		{F6811B78-088C-4215-8BDB-5F5ADBC653E1}.Debug|Any CPU.ActiveCfg = Debug|Any CPU
		{F6811B78-088C-4215-8BDB-5F5ADBC653E1}.Debug|Any CPU.Build.0 = Debug|Any CPU
		{F6811B78-088C-4215-8BDB-5F5ADBC653E1}.Release|Any CPU.ActiveCfg = Release|Any CPU
		{F6811B78-088C-4215-8BDB-5F5ADBC653E1}.Release|Any CPU.Build.0 = Release|Any CPU
	EndGlobalSection
	GlobalSection(SolutionProperties) = preSolution
		HideSolutionNode = FALSE
	EndGlobalSection
	GlobalSection(ExtensibilityGlobals) = postSolution
		SolutionGuid = {2978074D-8FD9-4140-B974-FC50E5C8CCA5}
	EndGlobalSection
EndGlobal
